// !$*UTF8*$!
{
	archiveVersion = 1;
	classes = {
	};
	objectVersion = 46;
	objects = {

/* Begin PBXBuildFile section */
		1F0FA9F11DB26DF30049A6ED /* Points.swift in Sources */ = {isa = PBXBuildFile; fileRef = 1F0FA9F01DB26DF30049A6ED /* Points.swift */; };
		1F30E3061DBD4925006A413F /* Dinner.swift in Sources */ = {isa = PBXBuildFile; fileRef = 1F30E3051DBD4925006A413F /* Dinner.swift */; };
		1F54D8131DB3AB7D00519334 /* TestsInferfaceController.swift in Sources */ = {isa = PBXBuildFile; fileRef = 1F54D8121DB3AB7D00519334 /* TestsInferfaceController.swift */; };
		1F54D8151DB3C0D000519334 /* PaymentInterfaceController.swift in Sources */ = {isa = PBXBuildFile; fileRef = 1F54D8141DB3C0D000519334 /* PaymentInterfaceController.swift */; };
		1F54D8171DB3C29000519334 /* Oder_confirmed_Controller.swift in Sources */ = {isa = PBXBuildFile; fileRef = 1F54D8161DB3C29000519334 /* Oder_confirmed_Controller.swift */; };
		1F67FA171DBFDD7C005A6D26 /* cookingstep.swift in Sources */ = {isa = PBXBuildFile; fileRef = 1F67FA161DBFDD7C005A6D26 /* cookingstep.swift */; };
		1F8959ED1DB1546400BC6D34 /* NotificationsHandler.swift in Sources */ = {isa = PBXBuildFile; fileRef = 1F8959EC1DB1546400BC6D34 /* NotificationsHandler.swift */; };
		1F8959F31DB16B6C00BC6D34 /* Lunch.swift in Sources */ = {isa = PBXBuildFile; fileRef = 1F8959F21DB16B6C00BC6D34 /* Lunch.swift */; };
		1F939D461DB1A7DB005FF392 /* DeliveryTimeInterfaceController.swift in Sources */ = {isa = PBXBuildFile; fileRef = 1F939D451DB1A7DB005FF392 /* DeliveryTimeInterfaceController.swift */; };
		1F939D481DB1A938005FF392 /* AddressInterfaceController.swift in Sources */ = {isa = PBXBuildFile; fileRef = 1F939D471DB1A938005FF392 /* AddressInterfaceController.swift */; };
		1FB9CAC91DBE9C020002C65C /* peoplepickerInterfacecontroller.swift in Sources */ = {isa = PBXBuildFile; fileRef = 1FB9CAC81DBE9C020002C65C /* peoplepickerInterfacecontroller.swift */; };
		1FB9CACD1DBEB8AB0002C65C /* weekday.swift in Sources */ = {isa = PBXBuildFile; fileRef = 1FB9CACC1DBEB8AB0002C65C /* weekday.swift */; };
		1FB9CACF1DBEBDFA0002C65C /* step1controller.swift in Sources */ = {isa = PBXBuildFile; fileRef = 1FB9CACE1DBEBDFA0002C65C /* step1controller.swift */; };
		1FB9CAD11DBEC1EA0002C65C /* step2controller.swift in Sources */ = {isa = PBXBuildFile; fileRef = 1FB9CAD01DBEC1EA0002C65C /* step2controller.swift */; };
		1FB9CAD31DBEC5F70002C65C /* step3controller.swift in Sources */ = {isa = PBXBuildFile; fileRef = 1FB9CAD21DBEC5F70002C65C /* step3controller.swift */; };
		1FC9E3BA1DBD3555006B3FF3 /* RowController.swift in Sources */ = {isa = PBXBuildFile; fileRef = 1FC9E3B91DBD3555006B3FF3 /* RowController.swift */; };
		1FDA8B011DAD50C10030FA6B /* AppDelegate.swift in Sources */ = {isa = PBXBuildFile; fileRef = 1FDA8B001DAD50C10030FA6B /* AppDelegate.swift */; };
		1FDA8B031DAD50C10030FA6B /* ViewController.swift in Sources */ = {isa = PBXBuildFile; fileRef = 1FDA8B021DAD50C10030FA6B /* ViewController.swift */; };
		1FDA8B061DAD50C10030FA6B /* Main.storyboard in Resources */ = {isa = PBXBuildFile; fileRef = 1FDA8B041DAD50C10030FA6B /* Main.storyboard */; };
		1FDA8B081DAD50C10030FA6B /* Assets.xcassets in Resources */ = {isa = PBXBuildFile; fileRef = 1FDA8B071DAD50C10030FA6B /* Assets.xcassets */; };
		1FDA8B0B1DAD50C10030FA6B /* LaunchScreen.storyboard in Resources */ = {isa = PBXBuildFile; fileRef = 1FDA8B091DAD50C10030FA6B /* LaunchScreen.storyboard */; };
		1FDA8B101DAD50C10030FA6B /* mamr WatchKit App.app in Embed Watch Content */ = {isa = PBXBuildFile; fileRef = 1FDA8B0F1DAD50C10030FA6B /* mamr WatchKit App.app */; };
		1FDA8B161DAD50C10030FA6B /* Interface.storyboard in Resources */ = {isa = PBXBuildFile; fileRef = 1FDA8B141DAD50C10030FA6B /* Interface.storyboard */; };
		1FDA8B181DAD50C10030FA6B /* Assets.xcassets in Resources */ = {isa = PBXBuildFile; fileRef = 1FDA8B171DAD50C10030FA6B /* Assets.xcassets */; };
		1FDA8B1F1DAD50C20030FA6B /* mamr WatchKit Extension.appex in Embed App Extensions */ = {isa = PBXBuildFile; fileRef = 1FDA8B1E1DAD50C20030FA6B /* mamr WatchKit Extension.appex */; settings = {ATTRIBUTES = (RemoveHeadersOnCopy, ); }; };
		1FDA8B261DAD50C20030FA6B /* InterfaceController.swift in Sources */ = {isa = PBXBuildFile; fileRef = 1FDA8B251DAD50C20030FA6B /* InterfaceController.swift */; };
		1FDA8B281DAD50C20030FA6B /* ExtensionDelegate.swift in Sources */ = {isa = PBXBuildFile; fileRef = 1FDA8B271DAD50C20030FA6B /* ExtensionDelegate.swift */; };
		1FDA8B2A1DAD50C20030FA6B /* NotificationController.swift in Sources */ = {isa = PBXBuildFile; fileRef = 1FDA8B291DAD50C20030FA6B /* NotificationController.swift */; };
		1FDA8B2C1DAD50C20030FA6B /* Assets.xcassets in Resources */ = {isa = PBXBuildFile; fileRef = 1FDA8B2B1DAD50C20030FA6B /* Assets.xcassets */; };
		1FE87ADC1DAEBB240046DB24 /* HealthKit.framework in Frameworks */ = {isa = PBXBuildFile; fileRef = 1FE87ADB1DAEBB240046DB24 /* HealthKit.framework */; };
		1FEC25131DBE76D200AFEC41 /* Dinner_Dish.swift in Sources */ = {isa = PBXBuildFile; fileRef = 1FEC25121DBE76D200AFEC41 /* Dinner_Dish.swift */; };
		1FEF7C7E1DB4187600407CBC /* GroceriesInterfaceController.swift in Sources */ = {isa = PBXBuildFile; fileRef = 1FEF7C7D1DB4187600407CBC /* GroceriesInterfaceController.swift */; };
/* End PBXBuildFile section */

/* Begin PBXContainerItemProxy section */
		1FDA8B111DAD50C10030FA6B /* PBXContainerItemProxy */ = {
			isa = PBXContainerItemProxy;
			containerPortal = 1FDA8AF51DAD50C10030FA6B /* Project object */;
			proxyType = 1;
			remoteGlobalIDString = 1FDA8B0E1DAD50C10030FA6B;
			remoteInfo = "mamr WatchKit App";
		};
		1FDA8B201DAD50C20030FA6B /* PBXContainerItemProxy */ = {
			isa = PBXContainerItemProxy;
			containerPortal = 1FDA8AF51DAD50C10030FA6B /* Project object */;
			proxyType = 1;
			remoteGlobalIDString = 1FDA8B1D1DAD50C20030FA6B;
			remoteInfo = "mamr WatchKit Extension";
		};
/* End PBXContainerItemProxy section */

/* Begin PBXCopyFilesBuildPhase section */
		1FDA8B331DAD50C20030FA6B /* Embed App Extensions */ = {
			isa = PBXCopyFilesBuildPhase;
			buildActionMask = 2147483647;
			dstPath = "";
			dstSubfolderSpec = 13;
			files = (
				1FDA8B1F1DAD50C20030FA6B /* mamr WatchKit Extension.appex in Embed App Extensions */,
			);
			name = "Embed App Extensions";
			runOnlyForDeploymentPostprocessing = 0;
		};
		1FDA8B371DAD50C20030FA6B /* Embed Watch Content */ = {
			isa = PBXCopyFilesBuildPhase;
			buildActionMask = 2147483647;
			dstPath = "$(CONTENTS_FOLDER_PATH)/Watch";
			dstSubfolderSpec = 16;
			files = (
				1FDA8B101DAD50C10030FA6B /* mamr WatchKit App.app in Embed Watch Content */,
			);
			name = "Embed Watch Content";
			runOnlyForDeploymentPostprocessing = 0;
		};
/* End PBXCopyFilesBuildPhase section */

/* Begin PBXFileReference section */
		1F0FA9F01DB26DF30049A6ED /* Points.swift */ = {isa = PBXFileReference; fileEncoding = 4; lastKnownFileType = sourcecode.swift; path = Points.swift; sourceTree = "<group>"; };
		1F1F0B421DAEADF000F38619 /* mamr.entitlements */ = {isa = PBXFileReference; lastKnownFileType = text.plist.entitlements; path = mamr.entitlements; sourceTree = "<group>"; };
		1F1F0B431DAEB9D000F38619 /* mamr WatchKit App.entitlements */ = {isa = PBXFileReference; lastKnownFileType = text.plist.entitlements; path = "mamr WatchKit App.entitlements"; sourceTree = "<group>"; };
		1F1F0B441DAEB9DF00F38619 /* mamr WatchKit Extension.entitlements */ = {isa = PBXFileReference; lastKnownFileType = text.plist.entitlements; path = "mamr WatchKit Extension.entitlements"; sourceTree = "<group>"; };
		1F30E3051DBD4925006A413F /* Dinner.swift */ = {isa = PBXFileReference; fileEncoding = 4; lastKnownFileType = sourcecode.swift; path = Dinner.swift; sourceTree = "<group>"; };
		1F54D8121DB3AB7D00519334 /* TestsInferfaceController.swift */ = {isa = PBXFileReference; fileEncoding = 4; lastKnownFileType = sourcecode.swift; path = TestsInferfaceController.swift; sourceTree = "<group>"; };
		1F54D8141DB3C0D000519334 /* PaymentInterfaceController.swift */ = {isa = PBXFileReference; fileEncoding = 4; lastKnownFileType = sourcecode.swift; path = PaymentInterfaceController.swift; sourceTree = "<group>"; };
		1F54D8161DB3C29000519334 /* Oder_confirmed_Controller.swift */ = {isa = PBXFileReference; fileEncoding = 4; lastKnownFileType = sourcecode.swift; path = Oder_confirmed_Controller.swift; sourceTree = "<group>"; };
		1F67FA161DBFDD7C005A6D26 /* cookingstep.swift */ = {isa = PBXFileReference; fileEncoding = 4; lastKnownFileType = sourcecode.swift; path = cookingstep.swift; sourceTree = "<group>"; };
		1F8959EC1DB1546400BC6D34 /* NotificationsHandler.swift */ = {isa = PBXFileReference; fileEncoding = 4; lastKnownFileType = sourcecode.swift; path = NotificationsHandler.swift; sourceTree = "<group>"; };
		1F8959F21DB16B6C00BC6D34 /* Lunch.swift */ = {isa = PBXFileReference; fileEncoding = 4; lastKnownFileType = sourcecode.swift; path = Lunch.swift; sourceTree = "<group>"; };
		1F939D451DB1A7DB005FF392 /* DeliveryTimeInterfaceController.swift */ = {isa = PBXFileReference; fileEncoding = 4; lastKnownFileType = sourcecode.swift; path = DeliveryTimeInterfaceController.swift; sourceTree = "<group>"; };
		1F939D471DB1A938005FF392 /* AddressInterfaceController.swift */ = {isa = PBXFileReference; fileEncoding = 4; lastKnownFileType = sourcecode.swift; path = AddressInterfaceController.swift; sourceTree = "<group>"; };
		1FB9CAC81DBE9C020002C65C /* peoplepickerInterfacecontroller.swift */ = {isa = PBXFileReference; fileEncoding = 4; lastKnownFileType = sourcecode.swift; path = peoplepickerInterfacecontroller.swift; sourceTree = "<group>"; };
		1FB9CACC1DBEB8AB0002C65C /* weekday.swift */ = {isa = PBXFileReference; fileEncoding = 4; lastKnownFileType = sourcecode.swift; path = weekday.swift; sourceTree = "<group>"; };
		1FB9CACE1DBEBDFA0002C65C /* step1controller.swift */ = {isa = PBXFileReference; fileEncoding = 4; lastKnownFileType = sourcecode.swift; path = step1controller.swift; sourceTree = "<group>"; };
		1FB9CAD01DBEC1EA0002C65C /* step2controller.swift */ = {isa = PBXFileReference; fileEncoding = 4; lastKnownFileType = sourcecode.swift; path = step2controller.swift; sourceTree = "<group>"; };
		1FB9CAD21DBEC5F70002C65C /* step3controller.swift */ = {isa = PBXFileReference; fileEncoding = 4; lastKnownFileType = sourcecode.swift; path = step3controller.swift; sourceTree = "<group>"; };
		1FC9E3B91DBD3555006B3FF3 /* RowController.swift */ = {isa = PBXFileReference; fileEncoding = 4; lastKnownFileType = sourcecode.swift; path = RowController.swift; sourceTree = "<group>"; };
		1FDA8AFD1DAD50C10030FA6B /* mamr.app */ = {isa = PBXFileReference; explicitFileType = wrapper.application; includeInIndex = 0; path = mamr.app; sourceTree = BUILT_PRODUCTS_DIR; };
		1FDA8B001DAD50C10030FA6B /* AppDelegate.swift */ = {isa = PBXFileReference; lastKnownFileType = sourcecode.swift; path = AppDelegate.swift; sourceTree = "<group>"; };
		1FDA8B021DAD50C10030FA6B /* ViewController.swift */ = {isa = PBXFileReference; lastKnownFileType = sourcecode.swift; path = ViewController.swift; sourceTree = "<group>"; };
		1FDA8B051DAD50C10030FA6B /* Base */ = {isa = PBXFileReference; lastKnownFileType = file.storyboard; name = Base; path = Base.lproj/Main.storyboard; sourceTree = "<group>"; };
		1FDA8B071DAD50C10030FA6B /* Assets.xcassets */ = {isa = PBXFileReference; lastKnownFileType = folder.assetcatalog; path = Assets.xcassets; sourceTree = "<group>"; };
		1FDA8B0A1DAD50C10030FA6B /* Base */ = {isa = PBXFileReference; lastKnownFileType = file.storyboard; name = Base; path = Base.lproj/LaunchScreen.storyboard; sourceTree = "<group>"; };
		1FDA8B0C1DAD50C10030FA6B /* Info.plist */ = {isa = PBXFileReference; lastKnownFileType = text.plist.xml; path = Info.plist; sourceTree = "<group>"; };
		1FDA8B0F1DAD50C10030FA6B /* mamr WatchKit App.app */ = {isa = PBXFileReference; explicitFileType = wrapper.application; includeInIndex = 0; path = "mamr WatchKit App.app"; sourceTree = BUILT_PRODUCTS_DIR; };
		1FDA8B151DAD50C10030FA6B /* Base */ = {isa = PBXFileReference; lastKnownFileType = file.storyboard; name = Base; path = Base.lproj/Interface.storyboard; sourceTree = "<group>"; };
		1FDA8B171DAD50C10030FA6B /* Assets.xcassets */ = {isa = PBXFileReference; lastKnownFileType = folder.assetcatalog; path = Assets.xcassets; sourceTree = "<group>"; };
		1FDA8B191DAD50C20030FA6B /* Info.plist */ = {isa = PBXFileReference; lastKnownFileType = text.plist.xml; path = Info.plist; sourceTree = "<group>"; };
		1FDA8B1E1DAD50C20030FA6B /* mamr WatchKit Extension.appex */ = {isa = PBXFileReference; explicitFileType = "wrapper.app-extension"; includeInIndex = 0; path = "mamr WatchKit Extension.appex"; sourceTree = BUILT_PRODUCTS_DIR; };
		1FDA8B241DAD50C20030FA6B /* PushNotificationPayload.apns */ = {isa = PBXFileReference; lastKnownFileType = text; path = PushNotificationPayload.apns; sourceTree = "<group>"; };
		1FDA8B251DAD50C20030FA6B /* InterfaceController.swift */ = {isa = PBXFileReference; lastKnownFileType = sourcecode.swift; path = InterfaceController.swift; sourceTree = "<group>"; };
		1FDA8B271DAD50C20030FA6B /* ExtensionDelegate.swift */ = {isa = PBXFileReference; lastKnownFileType = sourcecode.swift; path = ExtensionDelegate.swift; sourceTree = "<group>"; };
		1FDA8B291DAD50C20030FA6B /* NotificationController.swift */ = {isa = PBXFileReference; lastKnownFileType = sourcecode.swift; path = NotificationController.swift; sourceTree = "<group>"; };
		1FDA8B2B1DAD50C20030FA6B /* Assets.xcassets */ = {isa = PBXFileReference; lastKnownFileType = folder.assetcatalog; path = Assets.xcassets; sourceTree = "<group>"; };
		1FDA8B2D1DAD50C20030FA6B /* Info.plist */ = {isa = PBXFileReference; lastKnownFileType = text.plist.xml; path = Info.plist; sourceTree = "<group>"; };
		1FE87ADB1DAEBB240046DB24 /* HealthKit.framework */ = {isa = PBXFileReference; lastKnownFileType = wrapper.framework; name = HealthKit.framework; path = System/Library/Frameworks/HealthKit.framework; sourceTree = SDKROOT; };
		1FEC25121DBE76D200AFEC41 /* Dinner_Dish.swift */ = {isa = PBXFileReference; fileEncoding = 4; lastKnownFileType = sourcecode.swift; path = Dinner_Dish.swift; sourceTree = "<group>"; };
		1FEF7C7D1DB4187600407CBC /* GroceriesInterfaceController.swift */ = {isa = PBXFileReference; fileEncoding = 4; lastKnownFileType = sourcecode.swift; path = GroceriesInterfaceController.swift; sourceTree = "<group>"; };
/* End PBXFileReference section */

/* Begin PBXFrameworksBuildPhase section */
		1FDA8AFA1DAD50C10030FA6B /* Frameworks */ = {
			isa = PBXFrameworksBuildPhase;
			buildActionMask = 2147483647;
			files = (
				1FE87ADC1DAEBB240046DB24 /* HealthKit.framework in Frameworks */,
			);
			runOnlyForDeploymentPostprocessing = 0;
		};
		1FDA8B1B1DAD50C20030FA6B /* Frameworks */ = {
			isa = PBXFrameworksBuildPhase;
			buildActionMask = 2147483647;
			files = (
			);
			runOnlyForDeploymentPostprocessing = 0;
		};
/* End PBXFrameworksBuildPhase section */

/* Begin PBXGroup section */
		1F0FA9EF1DB26A1A0049A6ED /* InterfaceControllers */ = {
			isa = PBXGroup;
			children = (
				1F939D471DB1A938005FF392 /* AddressInterfaceController.swift */,
				1F939D451DB1A7DB005FF392 /* DeliveryTimeInterfaceController.swift */,
				1F54D8121DB3AB7D00519334 /* TestsInferfaceController.swift */,
				1F54D8141DB3C0D000519334 /* PaymentInterfaceController.swift */,
				1F54D8161DB3C29000519334 /* Oder_confirmed_Controller.swift */,
				1FEF7C7D1DB4187600407CBC /* GroceriesInterfaceController.swift */,
				1FC9E3B91DBD3555006B3FF3 /* RowController.swift */,
				1FB9CAC81DBE9C020002C65C /* peoplepickerInterfacecontroller.swift */,
				1FB9CACC1DBEB8AB0002C65C /* weekday.swift */,
				1FB9CACE1DBEBDFA0002C65C /* step1controller.swift */,
				1FB9CAD01DBEC1EA0002C65C /* step2controller.swift */,
				1FB9CAD21DBEC5F70002C65C /* step3controller.swift */,
			);
			name = InterfaceControllers;
			sourceTree = "<group>";
		};
		1F0FA9F21DB26DFA0049A6ED /* DataModel */ = {
			isa = PBXGroup;
			children = (
				1F8959F21DB16B6C00BC6D34 /* Lunch.swift */,
				1F0FA9F01DB26DF30049A6ED /* Points.swift */,
				1F30E3051DBD4925006A413F /* Dinner.swift */,
				1FEC25121DBE76D200AFEC41 /* Dinner_Dish.swift */,
				1F67FA161DBFDD7C005A6D26 /* cookingstep.swift */,
			);
			name = DataModel;
			sourceTree = "<group>";
		};
		1F1F0B3F1DAEADF000F38619 /* Frameworks */ = {
			isa = PBXGroup;
			children = (
				1FE87ADB1DAEBB240046DB24 /* HealthKit.framework */,
			);
			name = Frameworks;
			sourceTree = "<group>";
		};
		1FDA8AF41DAD50C10030FA6B = {
			isa = PBXGroup;
			children = (
				1FDA8AFF1DAD50C10030FA6B /* mamr */,
				1FDA8B131DAD50C10030FA6B /* mamr WatchKit App */,
				1FDA8B221DAD50C20030FA6B /* mamr WatchKit Extension */,
				1FDA8AFE1DAD50C10030FA6B /* Products */,
				1F1F0B3F1DAEADF000F38619 /* Frameworks */,
			);
			sourceTree = "<group>";
		};
		1FDA8AFE1DAD50C10030FA6B /* Products */ = {
			isa = PBXGroup;
			children = (
				1FDA8AFD1DAD50C10030FA6B /* mamr.app */,
				1FDA8B0F1DAD50C10030FA6B /* mamr WatchKit App.app */,
				1FDA8B1E1DAD50C20030FA6B /* mamr WatchKit Extension.appex */,
			);
			name = Products;
			sourceTree = "<group>";
		};
		1FDA8AFF1DAD50C10030FA6B /* mamr */ = {
			isa = PBXGroup;
			children = (
				1F1F0B421DAEADF000F38619 /* mamr.entitlements */,
				1FDA8B001DAD50C10030FA6B /* AppDelegate.swift */,
				1FDA8B021DAD50C10030FA6B /* ViewController.swift */,
				1FDA8B041DAD50C10030FA6B /* Main.storyboard */,
				1FDA8B071DAD50C10030FA6B /* Assets.xcassets */,
				1FDA8B091DAD50C10030FA6B /* LaunchScreen.storyboard */,
				1FDA8B0C1DAD50C10030FA6B /* Info.plist */,
			);
			path = mamr;
			sourceTree = "<group>";
		};
		1FDA8B131DAD50C10030FA6B /* mamr WatchKit App */ = {
			isa = PBXGroup;
			children = (
				1F1F0B431DAEB9D000F38619 /* mamr WatchKit App.entitlements */,
				1FDA8B141DAD50C10030FA6B /* Interface.storyboard */,
				1FDA8B171DAD50C10030FA6B /* Assets.xcassets */,
				1FDA8B191DAD50C20030FA6B /* Info.plist */,
			);
			path = "mamr WatchKit App";
			sourceTree = "<group>";
		};
		1FDA8B221DAD50C20030FA6B /* mamr WatchKit Extension */ = {
			isa = PBXGroup;
			children = (
				1F1F0B441DAEB9DF00F38619 /* mamr WatchKit Extension.entitlements */,
				1F0FA9F21DB26DFA0049A6ED /* DataModel */,
				1F0FA9EF1DB26A1A0049A6ED /* InterfaceControllers */,
				1FDA8B271DAD50C20030FA6B /* ExtensionDelegate.swift */,
				1FDA8B251DAD50C20030FA6B /* InterfaceController.swift */,
				1F8959EC1DB1546400BC6D34 /* NotificationsHandler.swift */,
				1FDA8B291DAD50C20030FA6B /* NotificationController.swift */,
				1FDA8B2B1DAD50C20030FA6B /* Assets.xcassets */,
				1FDA8B2D1DAD50C20030FA6B /* Info.plist */,
				1FDA8B231DAD50C20030FA6B /* Supporting Files */,
			);
			path = "mamr WatchKit Extension";
			sourceTree = "<group>";
		};
		1FDA8B231DAD50C20030FA6B /* Supporting Files */ = {
			isa = PBXGroup;
			children = (
				1FDA8B241DAD50C20030FA6B /* PushNotificationPayload.apns */,
			);
			name = "Supporting Files";
			sourceTree = "<group>";
		};
/* End PBXGroup section */

/* Begin PBXNativeTarget section */
		1FDA8AFC1DAD50C10030FA6B /* mamr */ = {
			isa = PBXNativeTarget;
			buildConfigurationList = 1FDA8B381DAD50C20030FA6B /* Build configuration list for PBXNativeTarget "mamr" */;
			buildPhases = (
				1FDA8AF91DAD50C10030FA6B /* Sources */,
				1FDA8AFA1DAD50C10030FA6B /* Frameworks */,
				1FDA8AFB1DAD50C10030FA6B /* Resources */,
				1FDA8B371DAD50C20030FA6B /* Embed Watch Content */,
			);
			buildRules = (
			);
			dependencies = (
				1FDA8B121DAD50C10030FA6B /* PBXTargetDependency */,
			);
			name = mamr;
			productName = mamr;
			productReference = 1FDA8AFD1DAD50C10030FA6B /* mamr.app */;
			productType = "com.apple.product-type.application";
		};
		1FDA8B0E1DAD50C10030FA6B /* mamr WatchKit App */ = {
			isa = PBXNativeTarget;
			buildConfigurationList = 1FDA8B341DAD50C20030FA6B /* Build configuration list for PBXNativeTarget "mamr WatchKit App" */;
			buildPhases = (
				1FDA8B0D1DAD50C10030FA6B /* Resources */,
				1FDA8B331DAD50C20030FA6B /* Embed App Extensions */,
			);
			buildRules = (
			);
			dependencies = (
				1FDA8B211DAD50C20030FA6B /* PBXTargetDependency */,
			);
			name = "mamr WatchKit App";
			productName = "mamr WatchKit App";
			productReference = 1FDA8B0F1DAD50C10030FA6B /* mamr WatchKit App.app */;
			productType = "com.apple.product-type.application.watchapp2";
		};
		1FDA8B1D1DAD50C20030FA6B /* mamr WatchKit Extension */ = {
			isa = PBXNativeTarget;
			buildConfigurationList = 1FDA8B301DAD50C20030FA6B /* Build configuration list for PBXNativeTarget "mamr WatchKit Extension" */;
			buildPhases = (
				1FDA8B1A1DAD50C20030FA6B /* Sources */,
				1FDA8B1B1DAD50C20030FA6B /* Frameworks */,
				1FDA8B1C1DAD50C20030FA6B /* Resources */,
			);
			buildRules = (
			);
			dependencies = (
			);
			name = "mamr WatchKit Extension";
			productName = "mamr WatchKit Extension";
			productReference = 1FDA8B1E1DAD50C20030FA6B /* mamr WatchKit Extension.appex */;
			productType = "com.apple.product-type.watchkit2-extension";
		};
/* End PBXNativeTarget section */

/* Begin PBXProject section */
		1FDA8AF51DAD50C10030FA6B /* Project object */ = {
			isa = PBXProject;
			attributes = {
				LastSwiftUpdateCheck = 0800;
				LastUpgradeCheck = 0810;
				ORGANIZATIONNAME = "Fabian Wetekamp";
				TargetAttributes = {
					1FDA8AFC1DAD50C10030FA6B = {
						CreatedOnToolsVersion = 8.0;
						DevelopmentTeam = 9J5KWZ8M97;
						ProvisioningStyle = Automatic;
						SystemCapabilities = {
							com.apple.ApplicationGroups.iOS = {
								enabled = 0;
							};
							com.apple.HealthKit = {
								enabled = 0;
							};
						};
					};
					1FDA8B0E1DAD50C10030FA6B = {
						CreatedOnToolsVersion = 8.0;
						DevelopmentTeam = 9J5KWZ8M97;
						ProvisioningStyle = Automatic;
						SystemCapabilities = {
							com.apple.ApplicationGroups.iOS = {
								enabled = 1;
							};
						};
					};
					1FDA8B1D1DAD50C20030FA6B = {
						CreatedOnToolsVersion = 8.0;
						DevelopmentTeam = 9J5KWZ8M97;
						ProvisioningStyle = Automatic;
						SystemCapabilities = {
							com.apple.ApplicationGroups.iOS = {
								enabled = 0;
							};
						};
					};
				};
			};
			buildConfigurationList = 1FDA8AF81DAD50C10030FA6B /* Build configuration list for PBXProject "mamr" */;
			compatibilityVersion = "Xcode 3.2";
			developmentRegion = English;
			hasScannedForEncodings = 0;
			knownRegions = (
				en,
				Base,
			);
			mainGroup = 1FDA8AF41DAD50C10030FA6B;
			productRefGroup = 1FDA8AFE1DAD50C10030FA6B /* Products */;
			projectDirPath = "";
			projectRoot = "";
			targets = (
				1FDA8AFC1DAD50C10030FA6B /* mamr */,
				1FDA8B0E1DAD50C10030FA6B /* mamr WatchKit App */,
				1FDA8B1D1DAD50C20030FA6B /* mamr WatchKit Extension */,
			);
		};
/* End PBXProject section */

/* Begin PBXResourcesBuildPhase section */
		1FDA8AFB1DAD50C10030FA6B /* Resources */ = {
			isa = PBXResourcesBuildPhase;
			buildActionMask = 2147483647;
			files = (
				1FDA8B0B1DAD50C10030FA6B /* LaunchScreen.storyboard in Resources */,
				1FDA8B081DAD50C10030FA6B /* Assets.xcassets in Resources */,
				1FDA8B061DAD50C10030FA6B /* Main.storyboard in Resources */,
			);
			runOnlyForDeploymentPostprocessing = 0;
		};
		1FDA8B0D1DAD50C10030FA6B /* Resources */ = {
			isa = PBXResourcesBuildPhase;
			buildActionMask = 2147483647;
			files = (
				1FDA8B181DAD50C10030FA6B /* Assets.xcassets in Resources */,
				1FDA8B161DAD50C10030FA6B /* Interface.storyboard in Resources */,
			);
			runOnlyForDeploymentPostprocessing = 0;
		};
		1FDA8B1C1DAD50C20030FA6B /* Resources */ = {
			isa = PBXResourcesBuildPhase;
			buildActionMask = 2147483647;
			files = (
				1FDA8B2C1DAD50C20030FA6B /* Assets.xcassets in Resources */,
			);
			runOnlyForDeploymentPostprocessing = 0;
		};
/* End PBXResourcesBuildPhase section */

/* Begin PBXSourcesBuildPhase section */
		1FDA8AF91DAD50C10030FA6B /* Sources */ = {
			isa = PBXSourcesBuildPhase;
			buildActionMask = 2147483647;
			files = (
				1FDA8B031DAD50C10030FA6B /* ViewController.swift in Sources */,
				1FDA8B011DAD50C10030FA6B /* AppDelegate.swift in Sources */,
			);
			runOnlyForDeploymentPostprocessing = 0;
		};
		1FDA8B1A1DAD50C20030FA6B /* Sources */ = {
			isa = PBXSourcesBuildPhase;
			buildActionMask = 2147483647;
			files = (
				1FEC25131DBE76D200AFEC41 /* Dinner_Dish.swift in Sources */,
				1F54D8151DB3C0D000519334 /* PaymentInterfaceController.swift in Sources */,
				1F939D461DB1A7DB005FF392 /* DeliveryTimeInterfaceController.swift in Sources */,
				1FDA8B2A1DAD50C20030FA6B /* NotificationController.swift in Sources */,
				1F8959ED1DB1546400BC6D34 /* NotificationsHandler.swift in Sources */,
				1FB9CAD11DBEC1EA0002C65C /* step2controller.swift in Sources */,
				1FDA8B281DAD50C20030FA6B /* ExtensionDelegate.swift in Sources */,
				1F30E3061DBD4925006A413F /* Dinner.swift in Sources */,
				1FB9CACD1DBEB8AB0002C65C /* weekday.swift in Sources */,
				1FEF7C7E1DB4187600407CBC /* GroceriesInterfaceController.swift in Sources */,
				1FB9CAC91DBE9C020002C65C /* peoplepickerInterfacecontroller.swift in Sources */,
				1FB9CAD31DBEC5F70002C65C /* step3controller.swift in Sources */,
				1FC9E3BA1DBD3555006B3FF3 /* RowController.swift in Sources */,
				1F67FA171DBFDD7C005A6D26 /* cookingstep.swift in Sources */,
				1F8959F31DB16B6C00BC6D34 /* Lunch.swift in Sources */,
				1F54D8171DB3C29000519334 /* Oder_confirmed_Controller.swift in Sources */,
				1FB9CACF1DBEBDFA0002C65C /* step1controller.swift in Sources */,
				1F0FA9F11DB26DF30049A6ED /* Points.swift in Sources */,
				1FDA8B261DAD50C20030FA6B /* InterfaceController.swift in Sources */,
				1F54D8131DB3AB7D00519334 /* TestsInferfaceController.swift in Sources */,
				1F939D481DB1A938005FF392 /* AddressInterfaceController.swift in Sources */,
			);
			runOnlyForDeploymentPostprocessing = 0;
		};
/* End PBXSourcesBuildPhase section */

/* Begin PBXTargetDependency section */
		1FDA8B121DAD50C10030FA6B /* PBXTargetDependency */ = {
			isa = PBXTargetDependency;
			target = 1FDA8B0E1DAD50C10030FA6B /* mamr WatchKit App */;
			targetProxy = 1FDA8B111DAD50C10030FA6B /* PBXContainerItemProxy */;
		};
		1FDA8B211DAD50C20030FA6B /* PBXTargetDependency */ = {
			isa = PBXTargetDependency;
			target = 1FDA8B1D1DAD50C20030FA6B /* mamr WatchKit Extension */;
			targetProxy = 1FDA8B201DAD50C20030FA6B /* PBXContainerItemProxy */;
		};
/* End PBXTargetDependency section */

/* Begin PBXVariantGroup section */
		1FDA8B041DAD50C10030FA6B /* Main.storyboard */ = {
			isa = PBXVariantGroup;
			children = (
				1FDA8B051DAD50C10030FA6B /* Base */,
			);
			name = Main.storyboard;
			sourceTree = "<group>";
		};
		1FDA8B091DAD50C10030FA6B /* LaunchScreen.storyboard */ = {
			isa = PBXVariantGroup;
			children = (
				1FDA8B0A1DAD50C10030FA6B /* Base */,
			);
			name = LaunchScreen.storyboard;
			sourceTree = "<group>";
		};
		1FDA8B141DAD50C10030FA6B /* Interface.storyboard */ = {
			isa = PBXVariantGroup;
			children = (
				1FDA8B151DAD50C10030FA6B /* Base */,
			);
			name = Interface.storyboard;
			sourceTree = "<group>";
		};
/* End PBXVariantGroup section */

/* Begin XCBuildConfiguration section */
		1FDA8B2E1DAD50C20030FA6B /* Debug */ = {
			isa = XCBuildConfiguration;
			buildSettings = {
				ALWAYS_SEARCH_USER_PATHS = NO;
				CLANG_ANALYZER_NONNULL = YES;
				CLANG_CXX_LANGUAGE_STANDARD = "gnu++0x";
				CLANG_CXX_LIBRARY = "libc++";
				CLANG_ENABLE_MODULES = YES;
				CLANG_ENABLE_OBJC_ARC = YES;
				CLANG_WARN_BOOL_CONVERSION = YES;
				CLANG_WARN_CONSTANT_CONVERSION = YES;
				CLANG_WARN_DIRECT_OBJC_ISA_USAGE = YES_ERROR;
				CLANG_WARN_DOCUMENTATION_COMMENTS = YES;
				CLANG_WARN_EMPTY_BODY = YES;
				CLANG_WARN_ENUM_CONVERSION = YES;
				CLANG_WARN_INFINITE_RECURSION = YES;
				CLANG_WARN_INT_CONVERSION = YES;
				CLANG_WARN_OBJC_ROOT_CLASS = YES_ERROR;
				CLANG_WARN_SUSPICIOUS_MOVE = YES;
				CLANG_WARN_SUSPICIOUS_MOVES = YES;
				CLANG_WARN_UNREACHABLE_CODE = YES;
				CLANG_WARN__DUPLICATE_METHOD_MATCH = YES;
				CODE_SIGN_IDENTITY = "iPhone Developer";
				"CODE_SIGN_IDENTITY[sdk=iphoneos*]" = "iPhone Developer";
				"CODE_SIGN_IDENTITY[sdk=watchos3.0]" = "iPhone Developer";
				COPY_PHASE_STRIP = NO;
				DEBUG_INFORMATION_FORMAT = dwarf;
				DEVELOPMENT_TEAM = 9J5KWZ8M97;
				ENABLE_STRICT_OBJC_MSGSEND = YES;
				ENABLE_TESTABILITY = YES;
				GCC_C_LANGUAGE_STANDARD = gnu99;
				GCC_DYNAMIC_NO_PIC = NO;
				GCC_NO_COMMON_BLOCKS = YES;
				GCC_OPTIMIZATION_LEVEL = 0;
				GCC_PREPROCESSOR_DEFINITIONS = (
					"DEBUG=1",
					"$(inherited)",
				);
				GCC_WARN_64_TO_32_BIT_CONVERSION = YES;
				GCC_WARN_ABOUT_RETURN_TYPE = YES_ERROR;
				GCC_WARN_UNDECLARED_SELECTOR = YES;
				GCC_WARN_UNINITIALIZED_AUTOS = YES_AGGRESSIVE;
				GCC_WARN_UNUSED_FUNCTION = YES;
				GCC_WARN_UNUSED_VARIABLE = YES;
				IPHONEOS_DEPLOYMENT_TARGET = 10.1;
				MTL_ENABLE_DEBUG_INFO = YES;
				ONLY_ACTIVE_ARCH = YES;
				"PROVISIONING_PROFILE_SPECIFIER[sdk=*]" = "";
				SDKROOT = iphoneos;
				SWIFT_ACTIVE_COMPILATION_CONDITIONS = DEBUG;
				SWIFT_OPTIMIZATION_LEVEL = "-Onone";
				TARGETED_DEVICE_FAMILY = "1,2";
				WATCHOS_DEPLOYMENT_TARGET = 3.1;
			};
			name = Debug;
		};
		1FDA8B2F1DAD50C20030FA6B /* Release */ = {
			isa = XCBuildConfiguration;
			buildSettings = {
				ALWAYS_SEARCH_USER_PATHS = NO;
				CLANG_ANALYZER_NONNULL = YES;
				CLANG_CXX_LANGUAGE_STANDARD = "gnu++0x";
				CLANG_CXX_LIBRARY = "libc++";
				CLANG_ENABLE_MODULES = YES;
				CLANG_ENABLE_OBJC_ARC = YES;
				CLANG_WARN_BOOL_CONVERSION = YES;
				CLANG_WARN_CONSTANT_CONVERSION = YES;
				CLANG_WARN_DIRECT_OBJC_ISA_USAGE = YES_ERROR;
				CLANG_WARN_DOCUMENTATION_COMMENTS = YES;
				CLANG_WARN_EMPTY_BODY = YES;
				CLANG_WARN_ENUM_CONVERSION = YES;
				CLANG_WARN_INFINITE_RECURSION = YES;
				CLANG_WARN_INT_CONVERSION = YES;
				CLANG_WARN_OBJC_ROOT_CLASS = YES_ERROR;
				CLANG_WARN_SUSPICIOUS_MOVE = YES;
				CLANG_WARN_SUSPICIOUS_MOVES = YES;
				CLANG_WARN_UNREACHABLE_CODE = YES;
				CLANG_WARN__DUPLICATE_METHOD_MATCH = YES;
				CODE_SIGN_IDENTITY = "iPhone Developer";
				"CODE_SIGN_IDENTITY[sdk=iphoneos*]" = "iPhone Developer";
				"CODE_SIGN_IDENTITY[sdk=watchos*]" = "iPhone Developer";
				COPY_PHASE_STRIP = NO;
				DEBUG_INFORMATION_FORMAT = "dwarf-with-dsym";
				DEVELOPMENT_TEAM = 9J5KWZ8M97;
				ENABLE_NS_ASSERTIONS = NO;
				ENABLE_STRICT_OBJC_MSGSEND = YES;
				GCC_C_LANGUAGE_STANDARD = gnu99;
				GCC_NO_COMMON_BLOCKS = YES;
				GCC_WARN_64_TO_32_BIT_CONVERSION = YES;
				GCC_WARN_ABOUT_RETURN_TYPE = YES_ERROR;
				GCC_WARN_UNDECLARED_SELECTOR = YES;
				GCC_WARN_UNINITIALIZED_AUTOS = YES_AGGRESSIVE;
				GCC_WARN_UNUSED_FUNCTION = YES;
				GCC_WARN_UNUSED_VARIABLE = YES;
				IPHONEOS_DEPLOYMENT_TARGET = 10.1;
				MTL_ENABLE_DEBUG_INFO = NO;
				"PROVISIONING_PROFILE_SPECIFIER[sdk=*]" = "";
				SDKROOT = iphoneos;
				SWIFT_OPTIMIZATION_LEVEL = "-Owholemodule";
				TARGETED_DEVICE_FAMILY = "1,2";
				VALIDATE_PRODUCT = YES;
				WATCHOS_DEPLOYMENT_TARGET = 3.1;
			};
			name = Release;
		};
		1FDA8B311DAD50C20030FA6B /* Debug */ = {
			isa = XCBuildConfiguration;
			buildSettings = {
				ASSETCATALOG_COMPILER_COMPLICATION_NAME = Complication;
				DEVELOPMENT_TEAM = 9J5KWZ8M97;
				INFOPLIST_FILE = "mamr WatchKit Extension/Info.plist";
				LD_RUNPATH_SEARCH_PATHS = "$(inherited) @executable_path/Frameworks @executable_path/../../Frameworks";
				PRODUCT_BUNDLE_IDENTIFIER = fw.mamr.watchkitapp.watchkitextension;
				PRODUCT_NAME = "${TARGET_NAME}";
				SDKROOT = watchos;
				SKIP_INSTALL = NO;
				SWIFT_VERSION = 3.0;
				TARGETED_DEVICE_FAMILY = 4;
				WATCHOS_DEPLOYMENT_TARGET = 3.0;
			};
			name = Debug;
		};
		1FDA8B321DAD50C20030FA6B /* Release */ = {
			isa = XCBuildConfiguration;
			buildSettings = {
				ASSETCATALOG_COMPILER_COMPLICATION_NAME = Complication;
				DEVELOPMENT_TEAM = 9J5KWZ8M97;
				INFOPLIST_FILE = "mamr WatchKit Extension/Info.plist";
				LD_RUNPATH_SEARCH_PATHS = "$(inherited) @executable_path/Frameworks @executable_path/../../Frameworks";
				PRODUCT_BUNDLE_IDENTIFIER = fw.mamr.watchkitapp.watchkitextension;
				PRODUCT_NAME = "${TARGET_NAME}";
				SDKROOT = watchos;
				SKIP_INSTALL = NO;
				SWIFT_VERSION = 3.0;
				TARGETED_DEVICE_FAMILY = 4;
				WATCHOS_DEPLOYMENT_TARGET = 3.0;
			};
			name = Release;
		};
		1FDA8B351DAD50C20030FA6B /* Debug */ = {
			isa = XCBuildConfiguration;
			buildSettings = {
				ALWAYS_EMBED_SWIFT_STANDARD_LIBRARIES = YES;
				ASSETCATALOG_COMPILER_APPICON_NAME = AppIcon;
				CODE_SIGN_ENTITLEMENTS = "mamr WatchKit App/mamr WatchKit App.entitlements";
				"CODE_SIGN_IDENTITY[sdk=watchos*]" = "iPhone Developer";
				DEVELOPMENT_TEAM = 9J5KWZ8M97;
				IBSC_MODULE = mamr_WatchKit_Extension;
				INFOPLIST_FILE = "mamr WatchKit App/Info.plist";
				PRODUCT_BUNDLE_IDENTIFIER = fw.mamr.watchkitapp;
				PRODUCT_NAME = "$(TARGET_NAME)";
				SDKROOT = watchos;
				SKIP_INSTALL = YES;
				SWIFT_VERSION = 3.0;
				TARGETED_DEVICE_FAMILY = 4;
				WATCHOS_DEPLOYMENT_TARGET = 3.0;
			};
			name = Debug;
		};
		1FDA8B361DAD50C20030FA6B /* Release */ = {
			isa = XCBuildConfiguration;
			buildSettings = {
				ALWAYS_EMBED_SWIFT_STANDARD_LIBRARIES = YES;
				ASSETCATALOG_COMPILER_APPICON_NAME = AppIcon;
				CODE_SIGN_ENTITLEMENTS = "mamr WatchKit App/mamr WatchKit App.entitlements";
				"CODE_SIGN_IDENTITY[sdk=watchos*]" = "iPhone Developer";
				DEVELOPMENT_TEAM = 9J5KWZ8M97;
				IBSC_MODULE = mamr_WatchKit_Extension;
				INFOPLIST_FILE = "mamr WatchKit App/Info.plist";
				PRODUCT_BUNDLE_IDENTIFIER = fw.mamr.watchkitapp;
				PRODUCT_NAME = "$(TARGET_NAME)";
				SDKROOT = watchos;
				SKIP_INSTALL = YES;
				SWIFT_VERSION = 3.0;
				TARGETED_DEVICE_FAMILY = 4;
				WATCHOS_DEPLOYMENT_TARGET = 3.0;
			};
			name = Release;
		};
		1FDA8B391DAD50C20030FA6B /* Debug */ = {
			isa = XCBuildConfiguration;
			buildSettings = {
				ASSETCATALOG_COMPILER_APPICON_NAME = AppIcon;
				CODE_SIGN_ENTITLEMENTS = mamr/mamr.entitlements;
				DEVELOPMENT_TEAM = 9J5KWZ8M97;
				INFOPLIST_FILE = mamr/Info.plist;
				IPHONEOS_DEPLOYMENT_TARGET = 10.0;
				LD_RUNPATH_SEARCH_PATHS = "$(inherited) @executable_path/Frameworks";
				PRODUCT_BUNDLE_IDENTIFIER = fw.mamr;
				PRODUCT_NAME = "$(TARGET_NAME)";
				SWIFT_VERSION = 3.0;
				TARGETED_DEVICE_FAMILY = 1;
			};
			name = Debug;
		};
		1FDA8B3A1DAD50C20030FA6B /* Release */ = {
			isa = XCBuildConfiguration;
			buildSettings = {
				ASSETCATALOG_COMPILER_APPICON_NAME = AppIcon;
				CODE_SIGN_ENTITLEMENTS = mamr/mamr.entitlements;
				DEVELOPMENT_TEAM = 9J5KWZ8M97;
				INFOPLIST_FILE = mamr/Info.plist;
				IPHONEOS_DEPLOYMENT_TARGET = 10.0;
				LD_RUNPATH_SEARCH_PATHS = "$(inherited) @executable_path/Frameworks";
				PRODUCT_BUNDLE_IDENTIFIER = fw.mamr;
				PRODUCT_NAME = "$(TARGET_NAME)";
				SWIFT_VERSION = 3.0;
				TARGETED_DEVICE_FAMILY = 1;
			};
			name = Release;
		};
/* End XCBuildConfiguration section */

/* Begin XCConfigurationList section */
		1FDA8AF81DAD50C10030FA6B /* Build configuration list for PBXProject "mamr" */ = {
			isa = XCConfigurationList;
			buildConfigurations = (
				1FDA8B2E1DAD50C20030FA6B /* Debug */,
				1FDA8B2F1DAD50C20030FA6B /* Release */,
			);
			defaultConfigurationIsVisible = 0;
			defaultConfigurationName = Release;
		};
		1FDA8B301DAD50C20030FA6B /* Build configuration list for PBXNativeTarget "mamr WatchKit Extension" */ = {
			isa = XCConfigurationList;
			buildConfigurations = (
				1FDA8B311DAD50C20030FA6B /* Debug */,
				1FDA8B321DAD50C20030FA6B /* Release */,
			);
			defaultConfigurationIsVisible = 0;
			defaultConfigurationName = Release;
		};
		1FDA8B341DAD50C20030FA6B /* Build configuration list for PBXNativeTarget "mamr WatchKit App" */ = {
			isa = XCConfigurationList;
			buildConfigurations = (
				1FDA8B351DAD50C20030FA6B /* Debug */,
				1FDA8B361DAD50C20030FA6B /* Release */,
			);
			defaultConfigurationIsVisible = 0;
			defaultConfigurationName = Release;
		};
		1FDA8B381DAD50C20030FA6B /* Build configuration list for PBXNativeTarget "mamr" */ = {
			isa = XCConfigurationList;
			buildConfigurations = (
				1FDA8B391DAD50C20030FA6B /* Debug */,
				1FDA8B3A1DAD50C20030FA6B /* Release */,
			);
			defaultConfigurationIsVisible = 0;
			defaultConfigurationName = Release;
		};
/* End XCConfigurationList section */
	};
	rootObject = 1FDA8AF51DAD50C10030FA6B /* Project object */;
}
