// !$*UTF8*$!
{
	archiveVersion = 1;
	classes = {
	};
	objectVersion = 46;
	objects = {

/* Begin PBXBuildFile section */
		1F0FAA241DB2CF950049A6ED /* AppDelegate.swift in Sources */ = {isa = PBXBuildFile; fileRef = 1F0FAA231DB2CF950049A6ED /* AppDelegate.swift */; };
		1F0FAA261DB2CF950049A6ED /* ViewController.swift in Sources */ = {isa = PBXBuildFile; fileRef = 1F0FAA251DB2CF950049A6ED /* ViewController.swift */; };
		1F0FAA291DB2CF950049A6ED /* Main.storyboard in Resources */ = {isa = PBXBuildFile; fileRef = 1F0FAA271DB2CF950049A6ED /* Main.storyboard */; };
		1F0FAA2B1DB2CF950049A6ED /* Assets.xcassets in Resources */ = {isa = PBXBuildFile; fileRef = 1F0FAA2A1DB2CF950049A6ED /* Assets.xcassets */; };
		1F0FAA2E1DB2CF950049A6ED /* LaunchScreen.storyboard in Resources */ = {isa = PBXBuildFile; fileRef = 1F0FAA2C1DB2CF950049A6ED /* LaunchScreen.storyboard */; };
		1F0FAA361DB2CFB10049A6ED /* User.swift in Sources */ = {isa = PBXBuildFile; fileRef = 1F0FAA351DB2CFB10049A6ED /* User.swift */; };
/* End PBXBuildFile section */

/* Begin PBXFileReference section */
		1F0FAA201DB2CF950049A6ED /* testingpersistence2.app */ = {isa = PBXFileReference; explicitFileType = wrapper.application; includeInIndex = 0; path = testingpersistence2.app; sourceTree = BUILT_PRODUCTS_DIR; };
		1F0FAA231DB2CF950049A6ED /* AppDelegate.swift */ = {isa = PBXFileReference; lastKnownFileType = sourcecode.swift; path = AppDelegate.swift; sourceTree = "<group>"; };
		1F0FAA251DB2CF950049A6ED /* ViewController.swift */ = {isa = PBXFileReference; lastKnownFileType = sourcecode.swift; path = ViewController.swift; sourceTree = "<group>"; };
		1F0FAA281DB2CF950049A6ED /* Base */ = {isa = PBXFileReference; lastKnownFileType = file.storyboard; name = Base; path = Base.lproj/Main.storyboard; sourceTree = "<group>"; };
		1F0FAA2A1DB2CF950049A6ED /* Assets.xcassets */ = {isa = PBXFileReference; lastKnownFileType = folder.assetcatalog; path = Assets.xcassets; sourceTree = "<group>"; };
		1F0FAA2D1DB2CF950049A6ED /* Base */ = {isa = PBXFileReference; lastKnownFileType = file.storyboard; name = Base; path = Base.lproj/LaunchScreen.storyboard; sourceTree = "<group>"; };
		1F0FAA2F1DB2CF950049A6ED /* Info.plist */ = {isa = PBXFileReference; lastKnownFileType = text.plist.xml; path = Info.plist; sourceTree = "<group>"; };
		1F0FAA351DB2CFB10049A6ED /* User.swift */ = {isa = PBXFileReference; fileEncoding = 4; lastKnownFileType = sourcecode.swift; path = User.swift; sourceTree = "<group>"; };
/* End PBXFileReference section */

/* Begin PBXFrameworksBuildPhase section */
		1F0FAA1D1DB2CF950049A6ED /* Frameworks */ = {
			isa = PBXFrameworksBuildPhase;
			buildActionMask = 2147483647;
			files = (
			);
			runOnlyForDeploymentPostprocessing = 0;
		};
/* End PBXFrameworksBuildPhase section */

/* Begin PBXGroup section */
		1F0FAA171DB2CF950049A6ED = {
			isa = PBXGroup;
			children = (
				1F0FAA221DB2CF950049A6ED /* testingpersistence2 */,
				1F0FAA211DB2CF950049A6ED /* Products */,
			);
			sourceTree = "<group>";
		};
		1F0FAA211DB2CF950049A6ED /* Products */ = {
			isa = PBXGroup;
			children = (
				1F0FAA201DB2CF950049A6ED /* testingpersistence2.app */,
			);
			name = Products;
			sourceTree = "<group>";
		};
		1F0FAA221DB2CF950049A6ED /* testingpersistence2 */ = {
			isa = PBXGroup;
			children = (
				1F0FAA231DB2CF950049A6ED /* AppDelegate.swift */,
				1F0FAA251DB2CF950049A6ED /* ViewController.swift */,
				1F0FAA271DB2CF950049A6ED /* Main.storyboard */,
				1F0FAA2A1DB2CF950049A6ED /* Assets.xcassets */,
				1F0FAA2C1DB2CF950049A6ED /* LaunchScreen.storyboard */,
				1F0FAA2F1DB2CF950049A6ED /* Info.plist */,
				1F0FAA351DB2CFB10049A6ED /* User.swift */,
			);
			path = testingpersistence2;
			sourceTree = "<group>";
		};
/* End PBXGroup section */

/* Begin PBXNativeTarget section */
		1F0FAA1F1DB2CF950049A6ED /* testingpersistence2 */ = {
			isa = PBXNativeTarget;
			buildConfigurationList = 1F0FAA321DB2CF950049A6ED /* Build configuration list for PBXNativeTarget "testingpersistence2" */;
			buildPhases = (
				1F0FAA1C1DB2CF950049A6ED /* Sources */,
				1F0FAA1D1DB2CF950049A6ED /* Frameworks */,
				1F0FAA1E1DB2CF950049A6ED /* Resources */,
			);
			buildRules = (
			);
			dependencies = (
			);
			name = testingpersistence2;
			productName = testingpersistence2;
			productReference = 1F0FAA201DB2CF950049A6ED /* testingpersistence2.app */;
			productType = "com.apple.product-type.application";
		};
/* End PBXNativeTarget section */

/* Begin PBXProject section */
		1F0FAA181DB2CF950049A6ED /* Project object */ = {
			isa = PBXProject;
			attributes = {
				LastSwiftUpdateCheck = 0800;
				LastUpgradeCheck = 0800;
				ORGANIZATIONNAME = "Fabian Wetekamp";
				TargetAttributes = {
					1F0FAA1F1DB2CF950049A6ED = {
						CreatedOnToolsVersion = 8.0;
						ProvisioningStyle = Automatic;
					};
				};
			};
			buildConfigurationList = 1F0FAA1B1DB2CF950049A6ED /* Build configuration list for PBXProject "testingpersistence2" */;
			compatibilityVersion = "Xcode 3.2";
			developmentRegion = English;
			hasScannedForEncodings = 0;
			knownRegions = (
				en,
				Base,
			);
			mainGroup = 1F0FAA171DB2CF950049A6ED;
			productRefGroup = 1F0FAA211DB2CF950049A6ED /* Products */;
			projectDirPath = "";
			projectRoot = "";
			targets = (
				1F0FAA1F1DB2CF950049A6ED /* testingpersistence2 */,
			);
		};
/* End PBXProject section */

/* Begin PBXResourcesBuildPhase section */
		1F0FAA1E1DB2CF950049A6ED /* Resources */ = {
			isa = PBXResourcesBuildPhase;
			buildActionMask = 2147483647;
			files = (
				1F0FAA2E1DB2CF950049A6ED /* LaunchScreen.storyboard in Resources */,
				1F0FAA2B1DB2CF950049A6ED /* Assets.xcassets in Resources */,
				1F0FAA291DB2CF950049A6ED /* Main.storyboard in Resources */,
			);
			runOnlyForDeploymentPostprocessing = 0;
		};
/* End PBXResourcesBuildPhase section */

/* Begin PBXSourcesBuildPhase section */
		1F0FAA1C1DB2CF950049A6ED /* Sources */ = {
			isa = PBXSourcesBuildPhase;
			buildActionMask = 2147483647;
			files = (
				1F0FAA261DB2CF950049A6ED /* ViewController.swift in Sources */,
				1F0FAA241DB2CF950049A6ED /* AppDelegate.swift in Sources */,
				1F0FAA361DB2CFB10049A6ED /* User.swift in Sources */,
			);
			runOnlyForDeploymentPostprocessing = 0;
		};
/* End PBXSourcesBuildPhase section */

/* Begin PBXVariantGroup section */
		1F0FAA271DB2CF950049A6ED /* Main.storyboard */ = {
			isa = PBXVariantGroup;
			children = (
				1F0FAA281DB2CF950049A6ED /* Base */,
			);
			name = Main.storyboard;
			sourceTree = "<group>";
		};
		1F0FAA2C1DB2CF950049A6ED /* LaunchScreen.storyboard */ = {
			isa = PBXVariantGroup;
			children = (
				1F0FAA2D1DB2CF950049A6ED /* Base */,
			);
			name = LaunchScreen.storyboard;
			sourceTree = "<group>";
		};
/* End PBXVariantGroup section */

/* Begin XCBuildConfiguration section */
		1F0FAA301DB2CF950049A6ED /* Debug */ = {
			isa = XCBuildConfiguration;
			buildSettings = {
				ALWAYS_SEARCH_USER_PATHS = NO;
				CLANG_ANALYZER_NONNULL = YES;
				CLANG_CXX_LANGUAGE_STANDARD = "gnu++0x";
				CLANG_CXX_LIBRARY = "libc++";
				CLANG_ENABLE_MODULES = YES;
				CLANG_ENABLE_OBJC_ARC = YES;
				CLANG_WARN_BOOL_CONVERSION = YES;
				CLANG_WARN_CONSTANT_CONVERSION = YES;
				CLANG_WARN_DIRECT_OBJC_ISA_USAGE = YES_ERROR;
				CLANG_WARN_DOCUMENTATION_COMMENTS = YES;
				CLANG_WARN_EMPTY_BODY = YES;
				CLANG_WARN_ENUM_CONVERSION = YES;
				CLANG_WARN_INFINITE_RECURSION = YES;
				CLANG_WARN_INT_CONVERSION = YES;
				CLANG_WARN_OBJC_ROOT_CLASS = YES_ERROR;
				CLANG_WARN_SUSPICIOUS_MOVES = YES;
				CLANG_WARN_UNREACHABLE_CODE = YES;
				CLANG_WARN__DUPLICATE_METHOD_MATCH = YES;
				"CODE_SIGN_IDENTITY[sdk=iphoneos*]" = "iPhone Developer";
				COPY_PHASE_STRIP = NO;
				DEBUG_INFORMATION_FORMAT = dwarf;
				ENABLE_STRICT_OBJC_MSGSEND = YES;
				ENABLE_TESTABILITY = YES;
				GCC_C_LANGUAGE_STANDARD = gnu99;
				GCC_DYNAMIC_NO_PIC = NO;
				GCC_NO_COMMON_BLOCKS = YES;
				GCC_OPTIMIZATION_LEVEL = 0;
				GCC_PREPROCESSOR_DEFINITIONS = (
					"DEBUG=1",
					"$(inherited)",
				);
				GCC_WARN_64_TO_32_BIT_CONVERSION = YES;
				GCC_WARN_ABOUT_RETURN_TYPE = YES_ERROR;
				GCC_WARN_UNDECLARED_SELECTOR = YES;
				GCC_WARN_UNINITIALIZED_AUTOS = YES_AGGRESSIVE;
				GCC_WARN_UNUSED_FUNCTION = YES;
				GCC_WARN_UNUSED_VARIABLE = YES;
				IPHONEOS_DEPLOYMENT_TARGET = 10.0;
				MTL_ENABLE_DEBUG_INFO = YES;
				ONLY_ACTIVE_ARCH = YES;
				SDKROOT = iphoneos;
				SWIFT_ACTIVE_COMPILATION_CONDITIONS = DEBUG;
				SWIFT_OPTIMIZATION_LEVEL = "-Onone";
				TARGETED_DEVICE_FAMILY = "1,2";
			};
			name = Debug;
		};
		1F0FAA311DB2CF950049A6ED /* Release */ = {
			isa = XCBuildConfiguration;
			buildSettings = {
				ALWAYS_SEARCH_USER_PATHS = NO;
				CLANG_ANALYZER_NONNULL = YES;
				CLANG_CXX_LANGUAGE_STANDARD = "gnu++0x";
				CLANG_CXX_LIBRARY = "libc++";
				CLANG_ENABLE_MODULES = YES;
				CLANG_ENABLE_OBJC_ARC = YES;
				CLANG_WARN_BOOL_CONVERSION = YES;
				CLANG_WARN_CONSTANT_CONVERSION = YES;
				CLANG_WARN_DIRECT_OBJC_ISA_USAGE = YES_ERROR;
				CLANG_WARN_DOCUMENTATION_COMMENTS = YES;
				CLANG_WARN_EMPTY_BODY = YES;
				CLANG_WARN_ENUM_CONVERSION = YES;
				CLANG_WARN_INFINITE_RECURSION = YES;
				CLANG_WARN_INT_CONVERSION = YES;
				CLANG_WARN_OBJC_ROOT_CLASS = YES_ERROR;
				CLANG_WARN_SUSPICIOUS_MOVES = YES;
				CLANG_WARN_UNREACHABLE_CODE = YES;
				CLANG_WARN__DUPLICATE_METHOD_MATCH = YES;
				"CODE_SIGN_IDENTITY[sdk=iphoneos*]" = "iPhone Developer";
				COPY_PHASE_STRIP = NO;
				DEBUG_INFORMATION_FORMAT = "dwarf-with-dsym";
				ENABLE_NS_ASSERTIONS = NO;
				ENABLE_STRICT_OBJC_MSGSEND = YES;
				GCC_C_LANGUAGE_STANDARD = gnu99;
				GCC_NO_COMMON_BLOCKS = YES;
				GCC_WARN_64_TO_32_BIT_CONVERSION = YES;
				GCC_WARN_ABOUT_RETURN_TYPE = YES_ERROR;
				GCC_WARN_UNDECLARED_SELECTOR = YES;
				GCC_WARN_UNINITIALIZED_AUTOS = YES_AGGRESSIVE;
				GCC_WARN_UNUSED_FUNCTION = YES;
				GCC_WARN_UNUSED_VARIABLE = YES;
				IPHONEOS_DEPLOYMENT_TARGET = 10.0;
				MTL_ENABLE_DEBUG_INFO = NO;
				SDKROOT = iphoneos;
				SWIFT_OPTIMIZATION_LEVEL = "-Owholemodule";
				TARGETED_DEVICE_FAMILY = "1,2";
				VALIDATE_PRODUCT = YES;
			};
			name = Release;
		};
		1F0FAA331DB2CF950049A6ED /* Debug */ = {
			isa = XCBuildConfiguration;
			buildSettings = {
				ASSETCATALOG_COMPILER_APPICON_NAME = AppIcon;
				INFOPLIST_FILE = testingpersistence2/Info.plist;
				LD_RUNPATH_SEARCH_PATHS = "$(inherited) @executable_path/Frameworks";
				PRODUCT_BUNDLE_IDENTIFIER = fw.testingpersistence2;
				PRODUCT_NAME = "$(TARGET_NAME)";
				SWIFT_VERSION = 3.0;
			};
			name = Debug;
		};
		1F0FAA341DB2CF950049A6ED /* Release */ = {
			isa = XCBuildConfiguration;
			buildSettings = {
				ASSETCATALOG_COMPILER_APPICON_NAME = AppIcon;
				INFOPLIST_FILE = testingpersistence2/Info.plist;
				LD_RUNPATH_SEARCH_PATHS = "$(inherited) @executable_path/Frameworks";
				PRODUCT_BUNDLE_IDENTIFIER = fw.testingpersistence2;
				PRODUCT_NAME = "$(TARGET_NAME)";
				SWIFT_VERSION = 3.0;
			};
			name = Release;
		};
/* End XCBuildConfiguration section */

/* Begin XCConfigurationList section */
		1F0FAA1B1DB2CF950049A6ED /* Build configuration list for PBXProject "testingpersistence2" */ = {
			isa = XCConfigurationList;
			buildConfigurations = (
				1F0FAA301DB2CF950049A6ED /* Debug */,
				1F0FAA311DB2CF950049A6ED /* Release */,
			);
			defaultConfigurationIsVisible = 0;
			defaultConfigurationName = Release;
		};
		1F0FAA321DB2CF950049A6ED /* Build configuration list for PBXNativeTarget "testingpersistence2" */ = {
			isa = XCConfigurationList;
			buildConfigurations = (
				1F0FAA331DB2CF950049A6ED /* Debug */,
				1F0FAA341DB2CF950049A6ED /* Release */,
			);
			defaultConfigurationIsVisible = 0;
		};
/* End XCConfigurationList section */
	};
	rootObject = 1F0FAA181DB2CF950049A6ED /* Project object */;
}
